
Microsoft Visual Studio Solution File, Format Version 12.00
# Visual Studio Version 17
VisualStudioVersion = 17.12.35527.113
MinimumVisualStudioVersion = 10.0.40219.1
Project("{888888A0-9F3D-457C-B088-3A5042F75D52}") = "IAFASTTRACKMODEL", "IAFASTTRACKMODEL.pyproj", "{AE11DE67-0FE5-4DC0-97B8-EAB39046EC08}"
EndProject
Project("{2150E333-8FDC-42A3-9474-1A3956D46DE8}") = "Elementos de la solución", "Elementos de la solución", "{9DA08744-CC9C-4AC1-969C-CC7C75A23A28}"
	ProjectSection(SolutionItems) = preProject
		mcp.json = mcp.json
	EndProjectSection
EndProject
Global
	GlobalSection(SolutionConfigurationPlatforms) = preSolution
		Debug|Any CPU = Debug|Any CPU
		Release|Any CPU = Release|Any CPU
	EndGlobalSection
	GlobalSection(ProjectConfigurationPlatforms) = postSolution
		{AE11DE67-0FE5-4DC0-97B8-EAB39046EC08}.Debug|Any CPU.ActiveCfg = Debug|Any CPU
		{AE11DE67-0FE5-4DC0-97B8-EAB39046EC08}.Debug|Any CPU.Build.0 = Debug|Any CPU
		{AE11DE67-0FE5-4DC0-97B8-EAB39046EC08}.Release|Any CPU.ActiveCfg = Release|Any CPU
		{AE11DE67-0FE5-4DC0-97B8-EAB39046EC08}.Release|Any CPU.Build.0 = Release|Any CPU
	EndGlobalSection
	GlobalSection(SolutionProperties) = preSolution
		HideSolutionNode = FALSE
	EndGlobalSection
EndGlobal
